
Microsoft Visual Studio Solution File, Format Version 12.00
# Visual Studio 2012
Project("{FAE04EC0-301F-11D3-BF4B-00C04F79EFBC}") = "MvcTestProject", "MvcTestProject\MvcTestProject.csproj", "{44293E86-1236-44EF-BCAF-D3503434FCBD}"
EndProject
Project("{FAE04EC0-301F-11D3-BF4B-00C04F79EFBC}") = "MvcTestProject.Tests", "MvcTestProject.Tests\MvcTestProject.Tests.csproj", "{B3E1AAC2-872C-4A01-834C-E5CF679FBE30}"
EndProject
Global
	GlobalSection(SolutionConfigurationPlatforms) = preSolution
		Debug|Any CPU = Debug|Any CPU
		Release|Any CPU = Release|Any CPU
	EndGlobalSection
	GlobalSection(ProjectConfigurationPlatforms) = postSolution
		{44293E86-1236-44EF-BCAF-D3503434FCBD}.Debug|Any CPU.ActiveCfg = Debug|Any CPU
		{44293E86-1236-44EF-BCAF-D3503434FCBD}.Debug|Any CPU.Build.0 = Debug|Any CPU
		{44293E86-1236-44EF-BCAF-D3503434FCBD}.Release|Any CPU.ActiveCfg = Release|Any CPU
		{44293E86-1236-44EF-BCAF-D3503434FCBD}.Release|Any CPU.Build.0 = Release|Any CPU
		{B3E1AAC2-872C-4A01-834C-E5CF679FBE30}.Debug|Any CPU.ActiveCfg = Debug|Any CPU
		{B3E1AAC2-872C-4A01-834C-E5CF679FBE30}.Debug|Any CPU.Build.0 = Debug|Any CPU
		{B3E1AAC2-872C-4A01-834C-E5CF679FBE30}.Release|Any CPU.ActiveCfg = Release|Any CPU
		{B3E1AAC2-872C-4A01-834C-E5CF679FBE30}.Release|Any CPU.Build.0 = Release|Any CPU
	EndGlobalSection
	GlobalSection(SolutionProperties) = preSolution
		HideSolutionNode = FALSE
	EndGlobalSection
EndGlobal
